
Microsoft Visual Studio Solution File, Format Version 12.00
# Visual Studio Version 17
VisualStudioVersion = 17.14.36811.4 d17.14
MinimumVisualStudioVersion = 10.0.40219.1
Project("{FAE04EC0-301F-11D3-BF4B-00C04F79EFBC}") = "MusicConsole", "MusicConsole\MusicConsole.csproj", "{F556D19D-C41B-428F-A694-B5F738DC4843}"
EndProject
Global
	GlobalSection(SolutionConfigurationPlatforms) = preSolution
		Debug|Any CPU = Debug|Any CPU
		Release|Any CPU = Release|Any CPU
	EndGlobalSection
	GlobalSection(ProjectConfigurationPlatforms) = postSolution
		{F556D19D-C41B-428F-A694-B5F738DC4843}.Debug|Any CPU.ActiveCfg = Debug|Any CPU
		{F556D19D-C41B-428F-A694-B5F738DC4843}.Debug|Any CPU.Build.0 = Debug|Any CPU
		{F556D19D-C41B-428F-A694-B5F738DC4843}.Release|Any CPU.ActiveCfg = Release|Any CPU
		{F556D19D-C41B-428F-A694-B5F738DC4843}.Release|Any CPU.Build.0 = Release|Any CPU
	EndGlobalSection
	GlobalSection(SolutionProperties) = preSolution
		HideSolutionNode = FALSE
	EndGlobalSection
	GlobalSection(ExtensibilityGlobals) = postSolution
		SolutionGuid = {AE646FEC-886D-434F-92EE-1FDF6B0A4FD5}
	EndGlobalSection
EndGlobal
